{
  "version": 1,
  "dependencies": {
    ".NETFramework,Version=v4.6.2": {
      "UnityEngine.Modules": {
        "type": "Direct",
        "requested": "[2019.4.31, 2019.4.31]",
        "resolved": "2019.4.31",
        "contentHash": "xZjdfGGzZw6nnrn4auRNis6WnAlsvqY1XXioEGJnSku+CylESgEt/sTLYlrbrQ0srnLfSCfx80vR8z4SsI1EuQ=="
      }
    }
  }
}